
Microsoft Visual Studio Solution File, Format Version 12.00
# Visual Studio 15
VisualStudioVersion = 15.0.28307.539
MinimumVisualStudioVersion = 10.0.40219.1
Project("{FAE04EC0-301F-11D3-BF4B-00C04F79EFBC}") = "OWIN.WebApi", "OWIN\OWIN.WebApi.csproj", "{B4A3E33D-D43D-47E6-BF5D-BDD87D8E959D}"
EndProject
Global
	GlobalSection(SolutionConfigurationPlatforms) = preSolution
		Debug|Any CPU = Debug|Any CPU
		Release|Any CPU = Release|Any CPU
	EndGlobalSection
	GlobalSection(ProjectConfigurationPlatforms) = postSolution
		{B4A3E33D-D43D-47E6-BF5D-BDD87D8E959D}.Debug|Any CPU.ActiveCfg = Debug|Any CPU
		{B4A3E33D-D43D-47E6-BF5D-BDD87D8E959D}.Debug|Any CPU.Build.0 = Debug|Any CPU
		{B4A3E33D-D43D-47E6-BF5D-BDD87D8E959D}.Release|Any CPU.ActiveCfg = Release|Any CPU
		{B4A3E33D-D43D-47E6-BF5D-BDD87D8E959D}.Release|Any CPU.Build.0 = Release|Any CPU
	EndGlobalSection
	GlobalSection(SolutionProperties) = preSolution
		HideSolutionNode = FALSE
	EndGlobalSection
	GlobalSection(ExtensibilityGlobals) = postSolution
		SolutionGuid = {AC7B2163-162A-41FD-9199-4A2F9E30F6EA}
	EndGlobalSection
EndGlobal
